// !$*UTF8*$!
{
	archiveVersion = 1;
	classes = {
	};
	objectVersion = 55;
	objects = {

/* Begin PBXBuildFile section */
		8E59BDFC281A95E300203838 /* AppDelegate.swift in Sources */ = {isa = PBXBuildFile; fileRef = 8E59BDFB281A95E300203838 /* AppDelegate.swift */; };
		8E59BE00281A95E300203838 /* ViewController.swift in Sources */ = {isa = PBXBuildFile; fileRef = 8E59BDFF281A95E300203838 /* ViewController.swift */; };
		8E59BE05281A95E400203838 /* Assets.xcassets in Resources */ = {isa = PBXBuildFile; fileRef = 8E59BE04281A95E400203838 /* Assets.xcassets */; };
		8E59BE08281A95E400203838 /* LaunchScreen.storyboard in Resources */ = {isa = PBXBuildFile; fileRef = 8E59BE06281A95E400203838 /* LaunchScreen.storyboard */; };
		8E5B6049281A97AF00D77D21 /* WTAlertController.swift in Sources */ = {isa = PBXBuildFile; fileRef = 8E5B6043281A97AF00D77D21 /* WTAlertController.swift */; };
		8E5B604A281A97AF00D77D21 /* WTAlertConfig.swift in Sources */ = {isa = PBXBuildFile; fileRef = 8E5B6044281A97AF00D77D21 /* WTAlertConfig.swift */; };
		8E5B604B281A97AF00D77D21 /* WTActionView.swift in Sources */ = {isa = PBXBuildFile; fileRef = 8E5B6045281A97AF00D77D21 /* WTActionView.swift */; };
		8E5B604C281A97AF00D77D21 /* WTActionButton.swift in Sources */ = {isa = PBXBuildFile; fileRef = 8E5B6046281A97AF00D77D21 /* WTActionButton.swift */; };
		8E5B604D281A97AF00D77D21 /* WTAlertBaseController.swift in Sources */ = {isa = PBXBuildFile; fileRef = 8E5B6047281A97AF00D77D21 /* WTAlertBaseController.swift */; };
		8E5B604E281A97AF00D77D21 /* WTAlertAction.swift in Sources */ = {isa = PBXBuildFile; fileRef = 8E5B6048281A97AF00D77D21 /* WTAlertAction.swift */; };
		8E6D7B4C281B96F00052E0F0 /* .swiftlint.yml in Resources */ = {isa = PBXBuildFile; fileRef = 8E6D7B4B281B96F00052E0F0 /* .swiftlint.yml */; };
		EE090F56243420032195ECC3 /* Pods_Alert.framework in Frameworks */ = {isa = PBXBuildFile; fileRef = 9B2E3797DA64B9781081F99E /* Pods_Alert.framework */; };
/* End PBXBuildFile section */

/* Begin PBXFileReference section */
		28CA3DA4FE5DF3F8DE950952 /* Pods-Alert.release.xcconfig */ = {isa = PBXFileReference; includeInIndex = 1; lastKnownFileType = text.xcconfig; name = "Pods-Alert.release.xcconfig"; path = "Target Support Files/Pods-Alert/Pods-Alert.release.xcconfig"; sourceTree = "<group>"; };
		8E59BDF8281A95E300203838 /* Alert.app */ = {isa = PBXFileReference; explicitFileType = wrapper.application; includeInIndex = 0; path = Alert.app; sourceTree = BUILT_PRODUCTS_DIR; };
		8E59BDFB281A95E300203838 /* AppDelegate.swift */ = {isa = PBXFileReference; lastKnownFileType = sourcecode.swift; path = AppDelegate.swift; sourceTree = "<group>"; };
		8E59BDFF281A95E300203838 /* ViewController.swift */ = {isa = PBXFileReference; lastKnownFileType = sourcecode.swift; path = ViewController.swift; sourceTree = "<group>"; };
		8E59BE04281A95E400203838 /* Assets.xcassets */ = {isa = PBXFileReference; lastKnownFileType = folder.assetcatalog; path = Assets.xcassets; sourceTree = "<group>"; };
		8E59BE07281A95E400203838 /* Base */ = {isa = PBXFileReference; lastKnownFileType = file.storyboard; name = Base; path = Base.lproj/LaunchScreen.storyboard; sourceTree = "<group>"; };
		8E59BE09281A95E400203838 /* Info.plist */ = {isa = PBXFileReference; lastKnownFileType = text.plist.xml; path = Info.plist; sourceTree = "<group>"; };
		8E5B6043281A97AF00D77D21 /* WTAlertController.swift */ = {isa = PBXFileReference; fileEncoding = 4; lastKnownFileType = sourcecode.swift; path = WTAlertController.swift; sourceTree = "<group>"; };
		8E5B6044281A97AF00D77D21 /* WTAlertConfig.swift */ = {isa = PBXFileReference; fileEncoding = 4; lastKnownFileType = sourcecode.swift; path = WTAlertConfig.swift; sourceTree = "<group>"; };
		8E5B6045281A97AF00D77D21 /* WTActionView.swift */ = {isa = PBXFileReference; fileEncoding = 4; lastKnownFileType = sourcecode.swift; path = WTActionView.swift; sourceTree = "<group>"; };
		8E5B6046281A97AF00D77D21 /* WTActionButton.swift */ = {isa = PBXFileReference; fileEncoding = 4; lastKnownFileType = sourcecode.swift; path = WTActionButton.swift; sourceTree = "<group>"; };
		8E5B6047281A97AF00D77D21 /* WTAlertBaseController.swift */ = {isa = PBXFileReference; fileEncoding = 4; lastKnownFileType = sourcecode.swift; path = WTAlertBaseController.swift; sourceTree = "<group>"; };
		8E5B6048281A97AF00D77D21 /* WTAlertAction.swift */ = {isa = PBXFileReference; fileEncoding = 4; lastKnownFileType = sourcecode.swift; path = WTAlertAction.swift; sourceTree = "<group>"; };
		8E6D7B4B281B96F00052E0F0 /* .swiftlint.yml */ = {isa = PBXFileReference; fileEncoding = 4; lastKnownFileType = text.yaml; path = .swiftlint.yml; sourceTree = "<group>"; };
		9B2E3797DA64B9781081F99E /* Pods_Alert.framework */ = {isa = PBXFileReference; explicitFileType = wrapper.framework; includeInIndex = 0; path = Pods_Alert.framework; sourceTree = BUILT_PRODUCTS_DIR; };
		E4D1330C94218893606E0E70 /* Pods-Alert.debug.xcconfig */ = {isa = PBXFileReference; includeInIndex = 1; lastKnownFileType = text.xcconfig; name = "Pods-Alert.debug.xcconfig"; path = "Target Support Files/Pods-Alert/Pods-Alert.debug.xcconfig"; sourceTree = "<group>"; };
/* End PBXFileReference section */

/* Begin PBXFrameworksBuildPhase section */
		8E59BDF5281A95E300203838 /* Frameworks */ = {
			isa = PBXFrameworksBuildPhase;
			buildActionMask = 2147483647;
			files = (
				EE090F56243420032195ECC3 /* Pods_Alert.framework in Frameworks */,
			);
			runOnlyForDeploymentPostprocessing = 0;
		};
/* End PBXFrameworksBuildPhase section */

/* Begin PBXGroup section */
		8E59BDEF281A95E300203838 = {
			isa = PBXGroup;
			children = (
				8E6D7B4B281B96F00052E0F0 /* .swiftlint.yml */,
				8E5B6042281A97AF00D77D21 /* Source */,
				8E59BDFA281A95E300203838 /* Example */,
				8E59BDF9281A95E300203838 /* Products */,
				D51A41043F53A0EF71DEF17B /* Pods */,
				C8C64FC0CF4384542C182643 /* Frameworks */,
			);
			sourceTree = "<group>";
		};
		8E59BDF9281A95E300203838 /* Products */ = {
			isa = PBXGroup;
			children = (
				8E59BDF8281A95E300203838 /* Alert.app */,
			);
			name = Products;
			sourceTree = "<group>";
		};
		8E59BDFA281A95E300203838 /* Example */ = {
			isa = PBXGroup;
			children = (
				8E59BDFB281A95E300203838 /* AppDelegate.swift */,
				8E59BDFF281A95E300203838 /* ViewController.swift */,
				8E59BE04281A95E400203838 /* Assets.xcassets */,
				8E59BE06281A95E400203838 /* LaunchScreen.storyboard */,
				8E59BE09281A95E400203838 /* Info.plist */,
			);
			path = Example;
			sourceTree = "<group>";
		};
		8E5B6042281A97AF00D77D21 /* Source */ = {
			isa = PBXGroup;
			children = (
				8E5B6043281A97AF00D77D21 /* WTAlertController.swift */,
				8E5B6044281A97AF00D77D21 /* WTAlertConfig.swift */,
				8E5B6045281A97AF00D77D21 /* WTActionView.swift */,
				8E5B6046281A97AF00D77D21 /* WTActionButton.swift */,
				8E5B6047281A97AF00D77D21 /* WTAlertBaseController.swift */,
				8E5B6048281A97AF00D77D21 /* WTAlertAction.swift */,
			);
			path = Source;
			sourceTree = "<group>";
		};
		C8C64FC0CF4384542C182643 /* Frameworks */ = {
			isa = PBXGroup;
			children = (
				9B2E3797DA64B9781081F99E /* Pods_Alert.framework */,
			);
			name = Frameworks;
			sourceTree = "<group>";
		};
		D51A41043F53A0EF71DEF17B /* Pods */ = {
			isa = PBXGroup;
			children = (
				E4D1330C94218893606E0E70 /* Pods-Alert.debug.xcconfig */,
				28CA3DA4FE5DF3F8DE950952 /* Pods-Alert.release.xcconfig */,
			);
			path = Pods;
			sourceTree = "<group>";
		};
/* End PBXGroup section */

/* Begin PBXNativeTarget section */
		8E59BDF7281A95E300203838 /* Alert */ = {
			isa = PBXNativeTarget;
			buildConfigurationList = 8E59BE0C281A95E400203838 /* Build configuration list for PBXNativeTarget "Alert" */;
			buildPhases = (
				8ADE8E665F69CD49F45011C0 /* [CP] Check Pods Manifest.lock */,
				8E59BDF4281A95E300203838 /* Sources */,
				8E59BDF5281A95E300203838 /* Frameworks */,
				8E59BDF6281A95E300203838 /* Resources */,
				EE076F5E2E17B7954E40F580 /* [CP] Embed Pods Frameworks */,
				8E6D7B4D281B97200052E0F0 /* [Run] swiftlint */,
			);
			buildRules = (
			);
			dependencies = (
			);
			name = Alert;
			productName = Alert;
			productReference = 8E59BDF8281A95E300203838 /* Alert.app */;
			productType = "com.apple.product-type.application";
		};
/* End PBXNativeTarget section */

/* Begin PBXProject section */
		8E59BDF0281A95E300203838 /* Project object */ = {
			isa = PBXProject;
			attributes = {
				BuildIndependentTargetsInParallel = 1;
				LastSwiftUpdateCheck = 1330;
				LastUpgradeCheck = 1330;
				TargetAttributes = {
					8E59BDF7281A95E300203838 = {
						CreatedOnToolsVersion = 13.3;
					};
				};
			};
			buildConfigurationList = 8E59BDF3281A95E300203838 /* Build configuration list for PBXProject "Alert" */;
			compatibilityVersion = "Xcode 13.0";
			developmentRegion = en;
			hasScannedForEncodings = 0;
			knownRegions = (
				en,
				Base,
			);
			mainGroup = 8E59BDEF281A95E300203838;
			productRefGroup = 8E59BDF9281A95E300203838 /* Products */;
			projectDirPath = "";
			projectRoot = "";
			targets = (
				8E59BDF7281A95E300203838 /* Alert */,
			);
		};
/* End PBXProject section */

/* Begin PBXResourcesBuildPhase section */
		8E59BDF6281A95E300203838 /* Resources */ = {
			isa = PBXResourcesBuildPhase;
			buildActionMask = 2147483647;
			files = (
				8E6D7B4C281B96F00052E0F0 /* .swiftlint.yml in Resources */,
				8E59BE08281A95E400203838 /* LaunchScreen.storyboard in Resources */,
				8E59BE05281A95E400203838 /* Assets.xcassets in Resources */,
			);
			runOnlyForDeploymentPostprocessing = 0;
		};
/* End PBXResourcesBuildPhase section */

/* Begin PBXShellScriptBuildPhase section */
		8ADE8E665F69CD49F45011C0 /* [CP] Check Pods Manifest.lock */ = {
			isa = PBXShellScriptBuildPhase;
			buildActionMask = 2147483647;
			files = (
			);
			inputFileListPaths = (
			);
			inputPaths = (
				"${PODS_PODFILE_DIR_PATH}/Podfile.lock",
				"${PODS_ROOT}/Manifest.lock",
			);
			name = "[CP] Check Pods Manifest.lock";
			outputFileListPaths = (
			);
			outputPaths = (
				"$(DERIVED_FILE_DIR)/Pods-Alert-checkManifestLockResult.txt",
			);
			runOnlyForDeploymentPostprocessing = 0;
			shellPath = /bin/sh;
			shellScript = "diff \"${PODS_PODFILE_DIR_PATH}/Podfile.lock\" \"${PODS_ROOT}/Manifest.lock\" > /dev/null\nif [ $? != 0 ] ; then\n    # print error to STDERR\n    echo \"error: The sandbox is not in sync with the Podfile.lock. Run 'pod install' or update your CocoaPods installation.\" >&2\n    exit 1\nfi\n# This output is used by Xcode 'outputs' to avoid re-running this script phase.\necho \"SUCCESS\" > \"${SCRIPT_OUTPUT_FILE_0}\"\n";
			showEnvVarsInLog = 0;
		};
		8E6D7B4D281B97200052E0F0 /* [Run] swiftlint */ = {
			isa = PBXShellScriptBuildPhase;
			buildActionMask = 2147483647;
			files = (
			);
			inputFileListPaths = (
			);
			inputPaths = (
			);
			name = "[Run] swiftlint";
			outputFileListPaths = (
			);
			outputPaths = (
			);
			runOnlyForDeploymentPostprocessing = 0;
			shellPath = /bin/sh;
			shellScript = "${PODS_ROOT}/SwiftLint/swiftlint\n${PODS_ROOT}/SwiftLint/swiftlint autocorrect\n";
		};
		EE076F5E2E17B7954E40F580 /* [CP] Embed Pods Frameworks */ = {
			isa = PBXShellScriptBuildPhase;
			buildActionMask = 2147483647;
			files = (
			);
			inputFileListPaths = (
				"${PODS_ROOT}/Target Support Files/Pods-Alert/Pods-Alert-frameworks-${CONFIGURATION}-input-files.xcfilelist",
			);
			name = "[CP] Embed Pods Frameworks";
			outputFileListPaths = (
				"${PODS_ROOT}/Target Support Files/Pods-Alert/Pods-Alert-frameworks-${CONFIGURATION}-output-files.xcfilelist",
			);
			runOnlyForDeploymentPostprocessing = 0;
			shellPath = /bin/sh;
			shellScript = "\"${PODS_ROOT}/Target Support Files/Pods-Alert/Pods-Alert-frameworks.sh\"\n";
			showEnvVarsInLog = 0;
		};
/* End PBXShellScriptBuildPhase section */

/* Begin PBXSourcesBuildPhase section */
		8E59BDF4281A95E300203838 /* Sources */ = {
			isa = PBXSourcesBuildPhase;
			buildActionMask = 2147483647;
			files = (
				8E59BE00281A95E300203838 /* ViewController.swift in Sources */,
				8E5B6049281A97AF00D77D21 /* WTAlertController.swift in Sources */,
				8E5B604C281A97AF00D77D21 /* WTActionButton.swift in Sources */,
				8E5B604B281A97AF00D77D21 /* WTActionView.swift in Sources */,
				8E59BDFC281A95E300203838 /* AppDelegate.swift in Sources */,
				8E5B604A281A97AF00D77D21 /* WTAlertConfig.swift in Sources */,
				8E5B604D281A97AF00D77D21 /* WTAlertBaseController.swift in Sources */,
				8E5B604E281A97AF00D77D21 /* WTAlertAction.swift in Sources */,
			);
			runOnlyForDeploymentPostprocessing = 0;
		};
/* End PBXSourcesBuildPhase section */

/* Begin PBXVariantGroup section */
		8E59BE06281A95E400203838 /* LaunchScreen.storyboard */ = {
			isa = PBXVariantGroup;
			children = (
				8E59BE07281A95E400203838 /* Base */,
			);
			name = LaunchScreen.storyboard;
			sourceTree = "<group>";
		};
/* End PBXVariantGroup section */

/* Begin XCBuildConfiguration section */
		8E59BE0A281A95E400203838 /* Debug */ = {
			isa = XCBuildConfiguration;
			buildSettings = {
				ALWAYS_SEARCH_USER_PATHS = NO;
				CLANG_ANALYZER_NONNULL = YES;
				CLANG_ANALYZER_NUMBER_OBJECT_CONVERSION = YES_AGGRESSIVE;
				CLANG_CXX_LANGUAGE_STANDARD = "gnu++17";
				CLANG_ENABLE_MODULES = YES;
				CLANG_ENABLE_OBJC_ARC = YES;
				CLANG_ENABLE_OBJC_WEAK = YES;
				CLANG_WARN_BLOCK_CAPTURE_AUTORELEASING = YES;
				CLANG_WARN_BOOL_CONVERSION = YES;
				CLANG_WARN_COMMA = YES;
				CLANG_WARN_CONSTANT_CONVERSION = YES;
				CLANG_WARN_DEPRECATED_OBJC_IMPLEMENTATIONS = YES;
				CLANG_WARN_DIRECT_OBJC_ISA_USAGE = YES_ERROR;
				CLANG_WARN_DOCUMENTATION_COMMENTS = YES;
				CLANG_WARN_EMPTY_BODY = YES;
				CLANG_WARN_ENUM_CONVERSION = YES;
				CLANG_WARN_INFINITE_RECURSION = YES;
				CLANG_WARN_INT_CONVERSION = YES;
				CLANG_WARN_NON_LITERAL_NULL_CONVERSION = YES;
				CLANG_WARN_OBJC_IMPLICIT_RETAIN_SELF = YES;
				CLANG_WARN_OBJC_LITERAL_CONVERSION = YES;
				CLANG_WARN_OBJC_ROOT_CLASS = YES_ERROR;
				CLANG_WARN_QUOTED_INCLUDE_IN_FRAMEWORK_HEADER = YES;
				CLANG_WARN_RANGE_LOOP_ANALYSIS = YES;
				CLANG_WARN_STRICT_PROTOTYPES = YES;
				CLANG_WARN_SUSPICIOUS_MOVE = YES;
				CLANG_WARN_UNGUARDED_AVAILABILITY = YES_AGGRESSIVE;
				CLANG_WARN_UNREACHABLE_CODE = YES;
				CLANG_WARN__DUPLICATE_METHOD_MATCH = YES;
				COPY_PHASE_STRIP = NO;
				DEBUG_INFORMATION_FORMAT = dwarf;
				ENABLE_STRICT_OBJC_MSGSEND = YES;
				ENABLE_TESTABILITY = YES;
				GCC_C_LANGUAGE_STANDARD = gnu11;
				GCC_DYNAMIC_NO_PIC = NO;
				GCC_NO_COMMON_BLOCKS = YES;
				GCC_OPTIMIZATION_LEVEL = 0;
				GCC_PREPROCESSOR_DEFINITIONS = (
					"DEBUG=1",
					"$(inherited)",
				);
				GCC_WARN_64_TO_32_BIT_CONVERSION = YES;
				GCC_WARN_ABOUT_RETURN_TYPE = YES_ERROR;
				GCC_WARN_UNDECLARED_SELECTOR = YES;
				GCC_WARN_UNINITIALIZED_AUTOS = YES_AGGRESSIVE;
				GCC_WARN_UNUSED_FUNCTION = YES;
				GCC_WARN_UNUSED_VARIABLE = YES;
				IPHONEOS_DEPLOYMENT_TARGET = 15.4;
				MTL_ENABLE_DEBUG_INFO = INCLUDE_SOURCE;
				MTL_FAST_MATH = YES;
				ONLY_ACTIVE_ARCH = YES;
				SDKROOT = iphoneos;
				SWIFT_ACTIVE_COMPILATION_CONDITIONS = DEBUG;
				SWIFT_OPTIMIZATION_LEVEL = "-Onone";
			};
			name = Debug;
		};
		8E59BE0B281A95E400203838 /* Release */ = {
			isa = XCBuildConfiguration;
			buildSettings = {
				ALWAYS_SEARCH_USER_PATHS = NO;
				CLANG_ANALYZER_NONNULL = YES;
				CLANG_ANALYZER_NUMBER_OBJECT_CONVERSION = YES_AGGRESSIVE;
				CLANG_CXX_LANGUAGE_STANDARD = "gnu++17";
				CLANG_ENABLE_MODULES = YES;
				CLANG_ENABLE_OBJC_ARC = YES;
				CLANG_ENABLE_OBJC_WEAK = YES;
				CLANG_WARN_BLOCK_CAPTURE_AUTORELEASING = YES;
				CLANG_WARN_BOOL_CONVERSION = YES;
				CLANG_WARN_COMMA = YES;
				CLANG_WARN_CONSTANT_CONVERSION = YES;
				CLANG_WARN_DEPRECATED_OBJC_IMPLEMENTATIONS = YES;
				CLANG_WARN_DIRECT_OBJC_ISA_USAGE = YES_ERROR;
				CLANG_WARN_DOCUMENTATION_COMMENTS = YES;
				CLANG_WARN_EMPTY_BODY = YES;
				CLANG_WARN_ENUM_CONVERSION = YES;
				CLANG_WARN_INFINITE_RECURSION = YES;
				CLANG_WARN_INT_CONVERSION = YES;
				CLANG_WARN_NON_LITERAL_NULL_CONVERSION = YES;
				CLANG_WARN_OBJC_IMPLICIT_RETAIN_SELF = YES;
				CLANG_WARN_OBJC_LITERAL_CONVERSION = YES;
				CLANG_WARN_OBJC_ROOT_CLASS = YES_ERROR;
				CLANG_WARN_QUOTED_INCLUDE_IN_FRAMEWORK_HEADER = YES;
				CLANG_WARN_RANGE_LOOP_ANALYSIS = YES;
				CLANG_WARN_STRICT_PROTOTYPES = YES;
				CLANG_WARN_SUSPICIOUS_MOVE = YES;
				CLANG_WARN_UNGUARDED_AVAILABILITY = YES_AGGRESSIVE;
				CLANG_WARN_UNREACHABLE_CODE = YES;
				CLANG_WARN__DUPLICATE_METHOD_MATCH = YES;
				COPY_PHASE_STRIP = NO;
				DEBUG_INFORMATION_FORMAT = "dwarf-with-dsym";
				ENABLE_NS_ASSERTIONS = NO;
				ENABLE_STRICT_OBJC_MSGSEND = YES;
				GCC_C_LANGUAGE_STANDARD = gnu11;
				GCC_NO_COMMON_BLOCKS = YES;
				GCC_WARN_64_TO_32_BIT_CONVERSION = YES;
				GCC_WARN_ABOUT_RETURN_TYPE = YES_ERROR;
				GCC_WARN_UNDECLARED_SELECTOR = YES;
				GCC_WARN_UNINITIALIZED_AUTOS = YES_AGGRESSIVE;
				GCC_WARN_UNUSED_FUNCTION = YES;
				GCC_WARN_UNUSED_VARIABLE = YES;
				IPHONEOS_DEPLOYMENT_TARGET = 15.4;
				MTL_ENABLE_DEBUG_INFO = NO;
				MTL_FAST_MATH = YES;
				SDKROOT = iphoneos;
				SWIFT_COMPILATION_MODE = wholemodule;
				SWIFT_OPTIMIZATION_LEVEL = "-O";
				VALIDATE_PRODUCT = YES;
			};
			name = Release;
		};
		8E59BE0D281A95E400203838 /* Debug */ = {
			isa = XCBuildConfiguration;
			baseConfigurationReference = E4D1330C94218893606E0E70 /* Pods-Alert.debug.xcconfig */;
			buildSettings = {
				ASSETCATALOG_COMPILER_APPICON_NAME = AppIcon;
				ASSETCATALOG_COMPILER_GLOBAL_ACCENT_COLOR_NAME = AccentColor;
				CODE_SIGN_STYLE = Automatic;
				CURRENT_PROJECT_VERSION = 1;
				GENERATE_INFOPLIST_FILE = YES;
				INFOPLIST_FILE = Example/Info.plist;
				INFOPLIST_KEY_UIApplicationSupportsIndirectInputEvents = YES;
				INFOPLIST_KEY_UILaunchStoryboardName = LaunchScreen;
				INFOPLIST_KEY_UIRequiresFullScreen = YES;
				INFOPLIST_KEY_UISupportedInterfaceOrientations = "UIInterfaceOrientationPortrait UIInterfaceOrientationPortraitUpsideDown UIInterfaceOrientationLandscapeLeft UIInterfaceOrientationLandscapeRight";
				INFOPLIST_KEY_UISupportedInterfaceOrientations_iPad = "UIInterfaceOrientationPortrait UIInterfaceOrientationPortraitUpsideDown UIInterfaceOrientationLandscapeLeft UIInterfaceOrientationLandscapeRight";
				INFOPLIST_KEY_UISupportedInterfaceOrientations_iPhone = "UIInterfaceOrientationPortrait UIInterfaceOrientationLandscapeLeft UIInterfaceOrientationLandscapeRight";
				IPHONEOS_DEPLOYMENT_TARGET = 11.0;
				LD_RUNPATH_SEARCH_PATHS = (
					"$(inherited)",
					"@executable_path/Frameworks",
				);
				MARKETING_VERSION = 0.0.1;
				PRODUCT_BUNDLE_IDENTIFIER = com.sean.Alert;
				PRODUCT_NAME = "$(TARGET_NAME)";
				SWIFT_EMIT_LOC_STRINGS = YES;
				SWIFT_VERSION = 5.0;
				TARGETED_DEVICE_FAMILY = "1,2";
			};
			name = Debug;
		};
		8E59BE0E281A95E400203838 /* Release */ = {
			isa = XCBuildConfiguration;
			baseConfigurationReference = 28CA3DA4FE5DF3F8DE950952 /* Pods-Alert.release.xcconfig */;
			buildSettings = {
				ASSETCATALOG_COMPILER_APPICON_NAME = AppIcon;
				ASSETCATALOG_COMPILER_GLOBAL_ACCENT_COLOR_NAME = AccentColor;
				CODE_SIGN_STYLE = Automatic;
				CURRENT_PROJECT_VERSION = 1;
				GENERATE_INFOPLIST_FILE = YES;
				INFOPLIST_FILE = Example/Info.plist;
				INFOPLIST_KEY_UIApplicationSupportsIndirectInputEvents = YES;
				INFOPLIST_KEY_UILaunchStoryboardName = LaunchScreen;
				INFOPLIST_KEY_UIRequiresFullScreen = YES;
				INFOPLIST_KEY_UISupportedInterfaceOrientations = "UIInterfaceOrientationPortrait UIInterfaceOrientationPortraitUpsideDown UIInterfaceOrientationLandscapeLeft UIInterfaceOrientationLandscapeRight";
				INFOPLIST_KEY_UISupportedInterfaceOrientations_iPad = "UIInterfaceOrientationPortrait UIInterfaceOrientationPortraitUpsideDown UIInterfaceOrientationLandscapeLeft UIInterfaceOrientationLandscapeRight";
				INFOPLIST_KEY_UISupportedInterfaceOrientations_iPhone = "UIInterfaceOrientationPortrait UIInterfaceOrientationLandscapeLeft UIInterfaceOrientationLandscapeRight";
				IPHONEOS_DEPLOYMENT_TARGET = 11.0;
				LD_RUNPATH_SEARCH_PATHS = (
					"$(inherited)",
					"@executable_path/Frameworks",
				);
				MARKETING_VERSION = 0.0.1;
				PRODUCT_BUNDLE_IDENTIFIER = com.sean.Alert;
				PRODUCT_NAME = "$(TARGET_NAME)";
				SWIFT_EMIT_LOC_STRINGS = YES;
				SWIFT_VERSION = 5.0;
				TARGETED_DEVICE_FAMILY = "1,2";
			};
			name = Release;
		};
/* End XCBuildConfiguration section */

/* Begin XCConfigurationList section */
		8E59BDF3281A95E300203838 /* Build configuration list for PBXProject "Alert" */ = {
			isa = XCConfigurationList;
			buildConfigurations = (
				8E59BE0A281A95E400203838 /* Debug */,
				8E59BE0B281A95E400203838 /* Release */,
			);
			defaultConfigurationIsVisible = 0;
			defaultConfigurationName = Release;
		};
		8E59BE0C281A95E400203838 /* Build configuration list for PBXNativeTarget "Alert" */ = {
			isa = XCConfigurationList;
			buildConfigurations = (
				8E59BE0D281A95E400203838 /* Debug */,
				8E59BE0E281A95E400203838 /* Release */,
			);
			defaultConfigurationIsVisible = 0;
			defaultConfigurationName = Release;
		};
/* End XCConfigurationList section */
	};
	rootObject = 8E59BDF0281A95E300203838 /* Project object */;
}
