// !$*UTF8*$!
{
	archiveVersion = 1;
	classes = {
	};
	objectVersion = 55;
	objects = {

/* Begin PBXBuildFile section */
		14629116283E8860007D6DD1 /* Assets.xcassets in Resources */ = {isa = PBXBuildFile; fileRef = 14629115283E8860007D6DD1 /* Assets.xcassets */; };
		14629119283E8860007D6DD1 /* LaunchScreen.storyboard in Resources */ = {isa = PBXBuildFile; fileRef = 14629117283E8860007D6DD1 /* LaunchScreen.storyboard */; };
		14629122283E88E4007D6DD1 /* AppDelegate.swift in Sources */ = {isa = PBXBuildFile; fileRef = 14629120283E88E4007D6DD1 /* AppDelegate.swift */; };
		14629123283E88E4007D6DD1 /* ViewController.swift in Sources */ = {isa = PBXBuildFile; fileRef = 14629121283E88E4007D6DD1 /* ViewController.swift */; };
		14629132283E9122007D6DD1 /* .swiftlint.yml in Resources */ = {isa = PBXBuildFile; fileRef = 14629131283E9122007D6DD1 /* .swiftlint.yml */; };
		149403FB283FCE9700BA649D /* WTAlertController.swift in Sources */ = {isa = PBXBuildFile; fileRef = 149403F5283FCE9700BA649D /* WTAlertController.swift */; };
		149403FC283FCE9700BA649D /* WTAlertConfig.swift in Sources */ = {isa = PBXBuildFile; fileRef = 149403F6283FCE9700BA649D /* WTAlertConfig.swift */; };
		149403FD283FCE9700BA649D /* WTActionView.swift in Sources */ = {isa = PBXBuildFile; fileRef = 149403F7283FCE9700BA649D /* WTActionView.swift */; };
		149403FE283FCE9700BA649D /* WTActionButton.swift in Sources */ = {isa = PBXBuildFile; fileRef = 149403F8283FCE9700BA649D /* WTActionButton.swift */; };
		149403FF283FCE9700BA649D /* WTAlertBaseController.swift in Sources */ = {isa = PBXBuildFile; fileRef = 149403F9283FCE9700BA649D /* WTAlertBaseController.swift */; };
		14940400283FCE9700BA649D /* WTAlertAction.swift in Sources */ = {isa = PBXBuildFile; fileRef = 149403FA283FCE9700BA649D /* WTAlertAction.swift */; };
		14E9C7F328C4F93B00E64757 /* WTAlertTextField.swift in Sources */ = {isa = PBXBuildFile; fileRef = 14E9C7F228C4F93B00E64757 /* WTAlertTextField.swift */; };
		19E71BA71FB1F72AB7A822AE /* Pods_AlertDemo.framework in Frameworks */ = {isa = PBXBuildFile; fileRef = B0C941D24634470A6E04EE95 /* Pods_AlertDemo.framework */; };
/* End PBXBuildFile section */

/* Begin PBXFileReference section */
		14629109283E885E007D6DD1 /* AlertDemo.app */ = {isa = PBXFileReference; explicitFileType = wrapper.application; includeInIndex = 0; path = AlertDemo.app; sourceTree = BUILT_PRODUCTS_DIR; };
		14629115283E8860007D6DD1 /* Assets.xcassets */ = {isa = PBXFileReference; lastKnownFileType = folder.assetcatalog; path = Assets.xcassets; sourceTree = "<group>"; };
		14629118283E8860007D6DD1 /* Base */ = {isa = PBXFileReference; lastKnownFileType = file.storyboard; name = Base; path = Base.lproj/LaunchScreen.storyboard; sourceTree = "<group>"; };
		1462911A283E8860007D6DD1 /* Info.plist */ = {isa = PBXFileReference; lastKnownFileType = text.plist.xml; path = Info.plist; sourceTree = "<group>"; };
		14629120283E88E4007D6DD1 /* AppDelegate.swift */ = {isa = PBXFileReference; fileEncoding = 4; lastKnownFileType = sourcecode.swift; path = AppDelegate.swift; sourceTree = "<group>"; };
		14629121283E88E4007D6DD1 /* ViewController.swift */ = {isa = PBXFileReference; fileEncoding = 4; lastKnownFileType = sourcecode.swift; path = ViewController.swift; sourceTree = "<group>"; };
		14629131283E9122007D6DD1 /* .swiftlint.yml */ = {isa = PBXFileReference; fileEncoding = 4; lastKnownFileType = text.yaml; path = .swiftlint.yml; sourceTree = "<group>"; };
		149403F5283FCE9700BA649D /* WTAlertController.swift */ = {isa = PBXFileReference; fileEncoding = 4; lastKnownFileType = sourcecode.swift; path = WTAlertController.swift; sourceTree = "<group>"; };
		149403F6283FCE9700BA649D /* WTAlertConfig.swift */ = {isa = PBXFileReference; fileEncoding = 4; lastKnownFileType = sourcecode.swift; path = WTAlertConfig.swift; sourceTree = "<group>"; };
		149403F7283FCE9700BA649D /* WTActionView.swift */ = {isa = PBXFileReference; fileEncoding = 4; lastKnownFileType = sourcecode.swift; path = WTActionView.swift; sourceTree = "<group>"; };
		149403F8283FCE9700BA649D /* WTActionButton.swift */ = {isa = PBXFileReference; fileEncoding = 4; lastKnownFileType = sourcecode.swift; path = WTActionButton.swift; sourceTree = "<group>"; };
		149403F9283FCE9700BA649D /* WTAlertBaseController.swift */ = {isa = PBXFileReference; fileEncoding = 4; lastKnownFileType = sourcecode.swift; path = WTAlertBaseController.swift; sourceTree = "<group>"; };
		149403FA283FCE9700BA649D /* WTAlertAction.swift */ = {isa = PBXFileReference; fileEncoding = 4; lastKnownFileType = sourcecode.swift; path = WTAlertAction.swift; sourceTree = "<group>"; };
		14E9C7F228C4F93B00E64757 /* WTAlertTextField.swift */ = {isa = PBXFileReference; lastKnownFileType = sourcecode.swift; path = WTAlertTextField.swift; sourceTree = "<group>"; };
		87645CDB2AD6DD94CC46017C /* Pods-AlertDemo.release.xcconfig */ = {isa = PBXFileReference; includeInIndex = 1; lastKnownFileType = text.xcconfig; name = "Pods-AlertDemo.release.xcconfig"; path = "Target Support Files/Pods-AlertDemo/Pods-AlertDemo.release.xcconfig"; sourceTree = "<group>"; };
		B0C941D24634470A6E04EE95 /* Pods_AlertDemo.framework */ = {isa = PBXFileReference; explicitFileType = wrapper.framework; includeInIndex = 0; path = Pods_AlertDemo.framework; sourceTree = BUILT_PRODUCTS_DIR; };
		F575B36E15A413B1C786560F /* Pods-AlertDemo.debug.xcconfig */ = {isa = PBXFileReference; includeInIndex = 1; lastKnownFileType = text.xcconfig; name = "Pods-AlertDemo.debug.xcconfig"; path = "Target Support Files/Pods-AlertDemo/Pods-AlertDemo.debug.xcconfig"; sourceTree = "<group>"; };
/* End PBXFileReference section */

/* Begin PBXFrameworksBuildPhase section */
		14629106283E885E007D6DD1 /* Frameworks */ = {
			isa = PBXFrameworksBuildPhase;
			buildActionMask = 2147483647;
			files = (
				19E71BA71FB1F72AB7A822AE /* Pods_AlertDemo.framework in Frameworks */,
			);
			runOnlyForDeploymentPostprocessing = 0;
		};
/* End PBXFrameworksBuildPhase section */

/* Begin PBXGroup section */
		14629100283E885E007D6DD1 = {
			isa = PBXGroup;
			children = (
				14629131283E9122007D6DD1 /* .swiftlint.yml */,
				149403F3283FCE9700BA649D /* Sources */,
				1462910B283E885E007D6DD1 /* AlertDemo */,
				1462910A283E885E007D6DD1 /* Products */,
				6179D850528366A285C99041 /* Pods */,
				2C32743C00FC4E06C3D2BADE /* Frameworks */,
			);
			sourceTree = "<group>";
		};
		1462910A283E885E007D6DD1 /* Products */ = {
			isa = PBXGroup;
			children = (
				14629109283E885E007D6DD1 /* AlertDemo.app */,
			);
			name = Products;
			sourceTree = "<group>";
		};
		1462910B283E885E007D6DD1 /* AlertDemo */ = {
			isa = PBXGroup;
			children = (
				14629120283E88E4007D6DD1 /* AppDelegate.swift */,
				14629121283E88E4007D6DD1 /* ViewController.swift */,
				14629115283E8860007D6DD1 /* Assets.xcassets */,
				14629117283E8860007D6DD1 /* LaunchScreen.storyboard */,
				1462911A283E8860007D6DD1 /* Info.plist */,
			);
			path = AlertDemo;
			sourceTree = "<group>";
		};
		149403F3283FCE9700BA649D /* Sources */ = {
			isa = PBXGroup;
			children = (
				149403F4283FCE9700BA649D /* WTAlertController */,
			);
			path = Sources;
			sourceTree = "<group>";
		};
		149403F4283FCE9700BA649D /* WTAlertController */ = {
			isa = PBXGroup;
			children = (
				149403F5283FCE9700BA649D /* WTAlertController.swift */,
				149403F6283FCE9700BA649D /* WTAlertConfig.swift */,
				149403F7283FCE9700BA649D /* WTActionView.swift */,
				149403F8283FCE9700BA649D /* WTActionButton.swift */,
				149403F9283FCE9700BA649D /* WTAlertBaseController.swift */,
				149403FA283FCE9700BA649D /* WTAlertAction.swift */,
				14E9C7F228C4F93B00E64757 /* WTAlertTextField.swift */,
			);
			path = WTAlertController;
			sourceTree = "<group>";
		};
		2C32743C00FC4E06C3D2BADE /* Frameworks */ = {
			isa = PBXGroup;
			children = (
				B0C941D24634470A6E04EE95 /* Pods_AlertDemo.framework */,
			);
			name = Frameworks;
			sourceTree = "<group>";
		};
		6179D850528366A285C99041 /* Pods */ = {
			isa = PBXGroup;
			children = (
				F575B36E15A413B1C786560F /* Pods-AlertDemo.debug.xcconfig */,
				87645CDB2AD6DD94CC46017C /* Pods-AlertDemo.release.xcconfig */,
			);
			path = Pods;
			sourceTree = "<group>";
		};
/* End PBXGroup section */

/* Begin PBXNativeTarget section */
		14629108283E885E007D6DD1 /* AlertDemo */ = {
			isa = PBXNativeTarget;
			buildConfigurationList = 1462911D283E8860007D6DD1 /* Build configuration list for PBXNativeTarget "AlertDemo" */;
			buildPhases = (
				9152F956EA0D47C92EF293A8 /* [CP] Check Pods Manifest.lock */,
				14629105283E885E007D6DD1 /* Sources */,
				14629106283E885E007D6DD1 /* Frameworks */,
				14629107283E885E007D6DD1 /* Resources */,
				14629130283E90F8007D6DD1 /* SwiftLint */,
				43BF8CC6B3AA3339E3D16353 /* [CP] Embed Pods Frameworks */,
			);
			buildRules = (
			);
			dependencies = (
			);
			name = AlertDemo;
			productName = AlertDemo;
			productReference = 14629109283E885E007D6DD1 /* AlertDemo.app */;
			productType = "com.apple.product-type.application";
		};
/* End PBXNativeTarget section */

/* Begin PBXProject section */
		14629101283E885E007D6DD1 /* Project object */ = {
			isa = PBXProject;
			attributes = {
				BuildIndependentTargetsInParallel = 1;
				LastSwiftUpdateCheck = 1340;
				LastUpgradeCheck = 1340;
				TargetAttributes = {
					14629108283E885E007D6DD1 = {
						CreatedOnToolsVersion = 13.4;
						LastSwiftMigration = 1340;
					};
				};
			};
			buildConfigurationList = 14629104283E885E007D6DD1 /* Build configuration list for PBXProject "AlertDemo" */;
			compatibilityVersion = "Xcode 13.0";
			developmentRegion = en;
			hasScannedForEncodings = 0;
			knownRegions = (
				en,
				Base,
			);
			mainGroup = 14629100283E885E007D6DD1;
			productRefGroup = 1462910A283E885E007D6DD1 /* Products */;
			projectDirPath = "";
			projectRoot = "";
			targets = (
				14629108283E885E007D6DD1 /* AlertDemo */,
			);
		};
/* End PBXProject section */

/* Begin PBXResourcesBuildPhase section */
		14629107283E885E007D6DD1 /* Resources */ = {
			isa = PBXResourcesBuildPhase;
			buildActionMask = 2147483647;
			files = (
				14629132283E9122007D6DD1 /* .swiftlint.yml in Resources */,
				14629119283E8860007D6DD1 /* LaunchScreen.storyboard in Resources */,
				14629116283E8860007D6DD1 /* Assets.xcassets in Resources */,
			);
			runOnlyForDeploymentPostprocessing = 0;
		};
/* End PBXResourcesBuildPhase section */

/* Begin PBXShellScriptBuildPhase section */
		14629130283E90F8007D6DD1 /* SwiftLint */ = {
			isa = PBXShellScriptBuildPhase;
			buildActionMask = 2147483647;
			files = (
			);
			inputFileListPaths = (
			);
			inputPaths = (
			);
			name = SwiftLint;
			outputFileListPaths = (
			);
			outputPaths = (
			);
			runOnlyForDeploymentPostprocessing = 0;
			shellPath = /bin/sh;
			shellScript = "${PODS_ROOT}/SwiftLint/swiftlint\n";
		};
		43BF8CC6B3AA3339E3D16353 /* [CP] Embed Pods Frameworks */ = {
			isa = PBXShellScriptBuildPhase;
			buildActionMask = 2147483647;
			files = (
			);
			inputFileListPaths = (
				"${PODS_ROOT}/Target Support Files/Pods-AlertDemo/Pods-AlertDemo-frameworks-${CONFIGURATION}-input-files.xcfilelist",
			);
			name = "[CP] Embed Pods Frameworks";
			outputFileListPaths = (
				"${PODS_ROOT}/Target Support Files/Pods-AlertDemo/Pods-AlertDemo-frameworks-${CONFIGURATION}-output-files.xcfilelist",
			);
			runOnlyForDeploymentPostprocessing = 0;
			shellPath = /bin/sh;
			shellScript = "\"${PODS_ROOT}/Target Support Files/Pods-AlertDemo/Pods-AlertDemo-frameworks.sh\"\n";
			showEnvVarsInLog = 0;
		};
		9152F956EA0D47C92EF293A8 /* [CP] Check Pods Manifest.lock */ = {
			isa = PBXShellScriptBuildPhase;
			buildActionMask = 2147483647;
			files = (
			);
			inputFileListPaths = (
			);
			inputPaths = (
				"${PODS_PODFILE_DIR_PATH}/Podfile.lock",
				"${PODS_ROOT}/Manifest.lock",
			);
			name = "[CP] Check Pods Manifest.lock";
			outputFileListPaths = (
			);
			outputPaths = (
				"$(DERIVED_FILE_DIR)/Pods-AlertDemo-checkManifestLockResult.txt",
			);
			runOnlyForDeploymentPostprocessing = 0;
			shellPath = /bin/sh;
			shellScript = "diff \"${PODS_PODFILE_DIR_PATH}/Podfile.lock\" \"${PODS_ROOT}/Manifest.lock\" > /dev/null\nif [ $? != 0 ] ; then\n    # print error to STDERR\n    echo \"error: The sandbox is not in sync with the Podfile.lock. Run 'pod install' or update your CocoaPods installation.\" >&2\n    exit 1\nfi\n# This output is used by Xcode 'outputs' to avoid re-running this script phase.\necho \"SUCCESS\" > \"${SCRIPT_OUTPUT_FILE_0}\"\n";
			showEnvVarsInLog = 0;
		};
/* End PBXShellScriptBuildPhase section */

/* Begin PBXSourcesBuildPhase section */
		14629105283E885E007D6DD1 /* Sources */ = {
			isa = PBXSourcesBuildPhase;
			buildActionMask = 2147483647;
			files = (
				14629123283E88E4007D6DD1 /* ViewController.swift in Sources */,
				149403FB283FCE9700BA649D /* WTAlertController.swift in Sources */,
				149403FE283FCE9700BA649D /* WTActionButton.swift in Sources */,
				149403FD283FCE9700BA649D /* WTActionView.swift in Sources */,
				14629122283E88E4007D6DD1 /* AppDelegate.swift in Sources */,
				149403FC283FCE9700BA649D /* WTAlertConfig.swift in Sources */,
				149403FF283FCE9700BA649D /* WTAlertBaseController.swift in Sources */,
				14E9C7F328C4F93B00E64757 /* WTAlertTextField.swift in Sources */,
				14940400283FCE9700BA649D /* WTAlertAction.swift in Sources */,
			);
			runOnlyForDeploymentPostprocessing = 0;
		};
/* End PBXSourcesBuildPhase section */

/* Begin PBXVariantGroup section */
		14629117283E8860007D6DD1 /* LaunchScreen.storyboard */ = {
			isa = PBXVariantGroup;
			children = (
				14629118283E8860007D6DD1 /* Base */,
			);
			name = LaunchScreen.storyboard;
			sourceTree = "<group>";
		};
/* End PBXVariantGroup section */

/* Begin XCBuildConfiguration section */
		1462911B283E8860007D6DD1 /* Debug */ = {
			isa = XCBuildConfiguration;
			buildSettings = {
				ALWAYS_SEARCH_USER_PATHS = NO;
				CLANG_ANALYZER_NONNULL = YES;
				CLANG_ANALYZER_NUMBER_OBJECT_CONVERSION = YES_AGGRESSIVE;
				CLANG_CXX_LANGUAGE_STANDARD = "gnu++17";
				CLANG_ENABLE_MODULES = YES;
				CLANG_ENABLE_OBJC_ARC = YES;
				CLANG_ENABLE_OBJC_WEAK = YES;
				CLANG_WARN_BLOCK_CAPTURE_AUTORELEASING = YES;
				CLANG_WARN_BOOL_CONVERSION = YES;
				CLANG_WARN_COMMA = YES;
				CLANG_WARN_CONSTANT_CONVERSION = YES;
				CLANG_WARN_DEPRECATED_OBJC_IMPLEMENTATIONS = YES;
				CLANG_WARN_DIRECT_OBJC_ISA_USAGE = YES_ERROR;
				CLANG_WARN_DOCUMENTATION_COMMENTS = YES;
				CLANG_WARN_EMPTY_BODY = YES;
				CLANG_WARN_ENUM_CONVERSION = YES;
				CLANG_WARN_INFINITE_RECURSION = YES;
				CLANG_WARN_INT_CONVERSION = YES;
				CLANG_WARN_NON_LITERAL_NULL_CONVERSION = YES;
				CLANG_WARN_OBJC_IMPLICIT_RETAIN_SELF = YES;
				CLANG_WARN_OBJC_LITERAL_CONVERSION = YES;
				CLANG_WARN_OBJC_ROOT_CLASS = YES_ERROR;
				CLANG_WARN_QUOTED_INCLUDE_IN_FRAMEWORK_HEADER = YES;
				CLANG_WARN_RANGE_LOOP_ANALYSIS = YES;
				CLANG_WARN_STRICT_PROTOTYPES = YES;
				CLANG_WARN_SUSPICIOUS_MOVE = YES;
				CLANG_WARN_UNGUARDED_AVAILABILITY = YES_AGGRESSIVE;
				CLANG_WARN_UNREACHABLE_CODE = YES;
				CLANG_WARN__DUPLICATE_METHOD_MATCH = YES;
				COPY_PHASE_STRIP = NO;
				DEBUG_INFORMATION_FORMAT = dwarf;
				ENABLE_STRICT_OBJC_MSGSEND = YES;
				ENABLE_TESTABILITY = YES;
				GCC_C_LANGUAGE_STANDARD = gnu11;
				GCC_DYNAMIC_NO_PIC = NO;
				GCC_NO_COMMON_BLOCKS = YES;
				GCC_OPTIMIZATION_LEVEL = 0;
				GCC_PREPROCESSOR_DEFINITIONS = (
					"DEBUG=1",
					"$(inherited)",
				);
				GCC_WARN_64_TO_32_BIT_CONVERSION = YES;
				GCC_WARN_ABOUT_RETURN_TYPE = YES_ERROR;
				GCC_WARN_UNDECLARED_SELECTOR = YES;
				GCC_WARN_UNINITIALIZED_AUTOS = YES_AGGRESSIVE;
				GCC_WARN_UNUSED_FUNCTION = YES;
				GCC_WARN_UNUSED_VARIABLE = YES;
				IPHONEOS_DEPLOYMENT_TARGET = 15.5;
				MTL_ENABLE_DEBUG_INFO = INCLUDE_SOURCE;
				MTL_FAST_MATH = YES;
				ONLY_ACTIVE_ARCH = YES;
				SDKROOT = iphoneos;
				SWIFT_ACTIVE_COMPILATION_CONDITIONS = DEBUG;
				SWIFT_OPTIMIZATION_LEVEL = "-Onone";
			};
			name = Debug;
		};
		1462911C283E8860007D6DD1 /* Release */ = {
			isa = XCBuildConfiguration;
			buildSettings = {
				ALWAYS_SEARCH_USER_PATHS = NO;
				CLANG_ANALYZER_NONNULL = YES;
				CLANG_ANALYZER_NUMBER_OBJECT_CONVERSION = YES_AGGRESSIVE;
				CLANG_CXX_LANGUAGE_STANDARD = "gnu++17";
				CLANG_ENABLE_MODULES = YES;
				CLANG_ENABLE_OBJC_ARC = YES;
				CLANG_ENABLE_OBJC_WEAK = YES;
				CLANG_WARN_BLOCK_CAPTURE_AUTORELEASING = YES;
				CLANG_WARN_BOOL_CONVERSION = YES;
				CLANG_WARN_COMMA = YES;
				CLANG_WARN_CONSTANT_CONVERSION = YES;
				CLANG_WARN_DEPRECATED_OBJC_IMPLEMENTATIONS = YES;
				CLANG_WARN_DIRECT_OBJC_ISA_USAGE = YES_ERROR;
				CLANG_WARN_DOCUMENTATION_COMMENTS = YES;
				CLANG_WARN_EMPTY_BODY = YES;
				CLANG_WARN_ENUM_CONVERSION = YES;
				CLANG_WARN_INFINITE_RECURSION = YES;
				CLANG_WARN_INT_CONVERSION = YES;
				CLANG_WARN_NON_LITERAL_NULL_CONVERSION = YES;
				CLANG_WARN_OBJC_IMPLICIT_RETAIN_SELF = YES;
				CLANG_WARN_OBJC_LITERAL_CONVERSION = YES;
				CLANG_WARN_OBJC_ROOT_CLASS = YES_ERROR;
				CLANG_WARN_QUOTED_INCLUDE_IN_FRAMEWORK_HEADER = YES;
				CLANG_WARN_RANGE_LOOP_ANALYSIS = YES;
				CLANG_WARN_STRICT_PROTOTYPES = YES;
				CLANG_WARN_SUSPICIOUS_MOVE = YES;
				CLANG_WARN_UNGUARDED_AVAILABILITY = YES_AGGRESSIVE;
				CLANG_WARN_UNREACHABLE_CODE = YES;
				CLANG_WARN__DUPLICATE_METHOD_MATCH = YES;
				COPY_PHASE_STRIP = NO;
				DEBUG_INFORMATION_FORMAT = "dwarf-with-dsym";
				ENABLE_NS_ASSERTIONS = NO;
				ENABLE_STRICT_OBJC_MSGSEND = YES;
				GCC_C_LANGUAGE_STANDARD = gnu11;
				GCC_NO_COMMON_BLOCKS = YES;
				GCC_WARN_64_TO_32_BIT_CONVERSION = YES;
				GCC_WARN_ABOUT_RETURN_TYPE = YES_ERROR;
				GCC_WARN_UNDECLARED_SELECTOR = YES;
				GCC_WARN_UNINITIALIZED_AUTOS = YES_AGGRESSIVE;
				GCC_WARN_UNUSED_FUNCTION = YES;
				GCC_WARN_UNUSED_VARIABLE = YES;
				IPHONEOS_DEPLOYMENT_TARGET = 15.5;
				MTL_ENABLE_DEBUG_INFO = NO;
				MTL_FAST_MATH = YES;
				SDKROOT = iphoneos;
				SWIFT_COMPILATION_MODE = wholemodule;
				SWIFT_OPTIMIZATION_LEVEL = "-O";
				VALIDATE_PRODUCT = YES;
			};
			name = Release;
		};
		1462911E283E8860007D6DD1 /* Debug */ = {
			isa = XCBuildConfiguration;
			baseConfigurationReference = F575B36E15A413B1C786560F /* Pods-AlertDemo.debug.xcconfig */;
			buildSettings = {
				ASSETCATALOG_COMPILER_APPICON_NAME = AppIcon;
				ASSETCATALOG_COMPILER_GLOBAL_ACCENT_COLOR_NAME = AccentColor;
				CLANG_ENABLE_MODULES = YES;
				CODE_SIGN_STYLE = Automatic;
				CURRENT_PROJECT_VERSION = 1;
				GENERATE_INFOPLIST_FILE = YES;
				INFOPLIST_FILE = AlertDemo/Info.plist;
				INFOPLIST_KEY_UIApplicationSupportsIndirectInputEvents = YES;
				INFOPLIST_KEY_UILaunchStoryboardName = LaunchScreen;
				INFOPLIST_KEY_UIRequiresFullScreen = YES;
				INFOPLIST_KEY_UISupportedInterfaceOrientations = "UIInterfaceOrientationPortrait UIInterfaceOrientationPortraitUpsideDown UIInterfaceOrientationLandscapeLeft UIInterfaceOrientationLandscapeRight";
				INFOPLIST_KEY_UISupportedInterfaceOrientations_iPad = "UIInterfaceOrientationPortrait UIInterfaceOrientationPortraitUpsideDown UIInterfaceOrientationLandscapeLeft UIInterfaceOrientationLandscapeRight";
				INFOPLIST_KEY_UISupportedInterfaceOrientations_iPhone = "UIInterfaceOrientationPortrait UIInterfaceOrientationLandscapeLeft UIInterfaceOrientationLandscapeRight";
				IPHONEOS_DEPLOYMENT_TARGET = 11.0;
				LD_RUNPATH_SEARCH_PATHS = (
					"$(inherited)",
					"@executable_path/Frameworks",
				);
				MARKETING_VERSION = 1.0;
				PRODUCT_BUNDLE_IDENTIFIER = com.sean.AlertDemo;
				PRODUCT_NAME = "$(TARGET_NAME)";
				SWIFT_EMIT_LOC_STRINGS = YES;
				SWIFT_OPTIMIZATION_LEVEL = "-Onone";
				SWIFT_VERSION = 5.0;
				TARGETED_DEVICE_FAMILY = "1,2";
			};
			name = Debug;
		};
		1462911F283E8860007D6DD1 /* Release */ = {
			isa = XCBuildConfiguration;
			baseConfigurationReference = 87645CDB2AD6DD94CC46017C /* Pods-AlertDemo.release.xcconfig */;
			buildSettings = {
				ASSETCATALOG_COMPILER_APPICON_NAME = AppIcon;
				ASSETCATALOG_COMPILER_GLOBAL_ACCENT_COLOR_NAME = AccentColor;
				CLANG_ENABLE_MODULES = YES;
				CODE_SIGN_STYLE = Automatic;
				CURRENT_PROJECT_VERSION = 1;
				GENERATE_INFOPLIST_FILE = YES;
				INFOPLIST_FILE = AlertDemo/Info.plist;
				INFOPLIST_KEY_UIApplicationSupportsIndirectInputEvents = YES;
				INFOPLIST_KEY_UILaunchStoryboardName = LaunchScreen;
				INFOPLIST_KEY_UIRequiresFullScreen = YES;
				INFOPLIST_KEY_UISupportedInterfaceOrientations = "UIInterfaceOrientationPortrait UIInterfaceOrientationPortraitUpsideDown UIInterfaceOrientationLandscapeLeft UIInterfaceOrientationLandscapeRight";
				INFOPLIST_KEY_UISupportedInterfaceOrientations_iPad = "UIInterfaceOrientationPortrait UIInterfaceOrientationPortraitUpsideDown UIInterfaceOrientationLandscapeLeft UIInterfaceOrientationLandscapeRight";
				INFOPLIST_KEY_UISupportedInterfaceOrientations_iPhone = "UIInterfaceOrientationPortrait UIInterfaceOrientationLandscapeLeft UIInterfaceOrientationLandscapeRight";
				IPHONEOS_DEPLOYMENT_TARGET = 11.0;
				LD_RUNPATH_SEARCH_PATHS = (
					"$(inherited)",
					"@executable_path/Frameworks",
				);
				MARKETING_VERSION = 1.0;
				PRODUCT_BUNDLE_IDENTIFIER = com.sean.AlertDemo;
				PRODUCT_NAME = "$(TARGET_NAME)";
				SWIFT_EMIT_LOC_STRINGS = YES;
				SWIFT_VERSION = 5.0;
				TARGETED_DEVICE_FAMILY = "1,2";
			};
			name = Release;
		};
/* End XCBuildConfiguration section */

/* Begin XCConfigurationList section */
		14629104283E885E007D6DD1 /* Build configuration list for PBXProject "AlertDemo" */ = {
			isa = XCConfigurationList;
			buildConfigurations = (
				1462911B283E8860007D6DD1 /* Debug */,
				1462911C283E8860007D6DD1 /* Release */,
			);
			defaultConfigurationIsVisible = 0;
			defaultConfigurationName = Release;
		};
		1462911D283E8860007D6DD1 /* Build configuration list for PBXNativeTarget "AlertDemo" */ = {
			isa = XCConfigurationList;
			buildConfigurations = (
				1462911E283E8860007D6DD1 /* Debug */,
				1462911F283E8860007D6DD1 /* Release */,
			);
			defaultConfigurationIsVisible = 0;
			defaultConfigurationName = Release;
		};
/* End XCConfigurationList section */
	};
	rootObject = 14629101283E885E007D6DD1 /* Project object */;
}
